
Microsoft Visual Studio Solution File, Format Version 12.00
# Visual Studio Version 17
VisualStudioVersion = 17.14.36202.13
MinimumVisualStudioVersion = 10.0.40219.1
Project("{FAE04EC0-301F-11D3-BF4B-00C04F79EFBC}") = "PAW3.Api", "PAW3.Api\PAW3.Api.csproj", "{AA9BC95E-C5CD-484B-BBC6-11830852525A}"
EndProject
Project("{FAE04EC0-301F-11D3-BF4B-00C04F79EFBC}") = "PAW3.Core", "PAW3.Core\PAW3.Core.csproj", "{12939321-2A2D-435A-8D9C-9DF9EB1B84CC}"
EndProject
Project("{FAE04EC0-301F-11D3-BF4B-00C04F79EFBC}") = "PAW3.Data", "PAW3.Data\PAW3.Data.csproj", "{20B2EA9D-20B8-44CE-873D-3791E5B1343A}"
EndProject
Project("{FAE04EC0-301F-11D3-BF4B-00C04F79EFBC}") = "PAW3.Models", "PAW3.Models\PAW3.Models.csproj", "{5847B168-07A0-4DBF-A6C3-D1C10873D546}"
EndProject
Project("{FAE04EC0-301F-11D3-BF4B-00C04F79EFBC}") = "PAW3.ServiceLocator", "PAW3.ServiceLocator\PAW3.ServiceLocator.csproj", "{47CC8BB2-0E03-464F-BF5D-FC137B05BEE0}"
EndProject
Project("{FAE04EC0-301F-11D3-BF4B-00C04F79EFBC}") = "PAW3.Mvc", "PAW3.Mvc\PAW3.Mvc.csproj", "{6AE5209A-1D74-427D-90B3-99E5C54BE005}"
EndProject
Project("{FAE04EC0-301F-11D3-BF4B-00C04F79EFBC}") = "PAW3.Architecture", "PAW3.Architecture\PAW3.Architecture.csproj", "{EAC3FC5D-A309-4A9E-A79E-170A20F32A75}"
EndProject
Global
	GlobalSection(SolutionConfigurationPlatforms) = preSolution
		Debug|Any CPU = Debug|Any CPU
		Release|Any CPU = Release|Any CPU
	EndGlobalSection
	GlobalSection(ProjectConfigurationPlatforms) = postSolution
		{AA9BC95E-C5CD-484B-BBC6-11830852525A}.Debug|Any CPU.ActiveCfg = Debug|Any CPU
		{AA9BC95E-C5CD-484B-BBC6-11830852525A}.Debug|Any CPU.Build.0 = Debug|Any CPU
		{AA9BC95E-C5CD-484B-BBC6-11830852525A}.Release|Any CPU.ActiveCfg = Release|Any CPU
		{AA9BC95E-C5CD-484B-BBC6-11830852525A}.Release|Any CPU.Build.0 = Release|Any CPU
		{12939321-2A2D-435A-8D9C-9DF9EB1B84CC}.Debug|Any CPU.ActiveCfg = Debug|Any CPU
		{12939321-2A2D-435A-8D9C-9DF9EB1B84CC}.Debug|Any CPU.Build.0 = Debug|Any CPU
		{12939321-2A2D-435A-8D9C-9DF9EB1B84CC}.Release|Any CPU.ActiveCfg = Release|Any CPU
		{12939321-2A2D-435A-8D9C-9DF9EB1B84CC}.Release|Any CPU.Build.0 = Release|Any CPU
		{20B2EA9D-20B8-44CE-873D-3791E5B1343A}.Debug|Any CPU.ActiveCfg = Debug|Any CPU
		{20B2EA9D-20B8-44CE-873D-3791E5B1343A}.Debug|Any CPU.Build.0 = Debug|Any CPU
		{20B2EA9D-20B8-44CE-873D-3791E5B1343A}.Release|Any CPU.ActiveCfg = Release|Any CPU
		{20B2EA9D-20B8-44CE-873D-3791E5B1343A}.Release|Any CPU.Build.0 = Release|Any CPU
		{5847B168-07A0-4DBF-A6C3-D1C10873D546}.Debug|Any CPU.ActiveCfg = Debug|Any CPU
		{5847B168-07A0-4DBF-A6C3-D1C10873D546}.Debug|Any CPU.Build.0 = Debug|Any CPU
		{5847B168-07A0-4DBF-A6C3-D1C10873D546}.Release|Any CPU.ActiveCfg = Release|Any CPU
		{5847B168-07A0-4DBF-A6C3-D1C10873D546}.Release|Any CPU.Build.0 = Release|Any CPU
		{47CC8BB2-0E03-464F-BF5D-FC137B05BEE0}.Debug|Any CPU.ActiveCfg = Debug|Any CPU
		{47CC8BB2-0E03-464F-BF5D-FC137B05BEE0}.Debug|Any CPU.Build.0 = Debug|Any CPU
		{47CC8BB2-0E03-464F-BF5D-FC137B05BEE0}.Release|Any CPU.ActiveCfg = Release|Any CPU
		{47CC8BB2-0E03-464F-BF5D-FC137B05BEE0}.Release|Any CPU.Build.0 = Release|Any CPU
		{6AE5209A-1D74-427D-90B3-99E5C54BE005}.Debug|Any CPU.ActiveCfg = Debug|Any CPU
		{6AE5209A-1D74-427D-90B3-99E5C54BE005}.Debug|Any CPU.Build.0 = Debug|Any CPU
		{6AE5209A-1D74-427D-90B3-99E5C54BE005}.Release|Any CPU.ActiveCfg = Release|Any CPU
		{6AE5209A-1D74-427D-90B3-99E5C54BE005}.Release|Any CPU.Build.0 = Release|Any CPU
		{EAC3FC5D-A309-4A9E-A79E-170A20F32A75}.Debug|Any CPU.ActiveCfg = Debug|Any CPU
		{EAC3FC5D-A309-4A9E-A79E-170A20F32A75}.Debug|Any CPU.Build.0 = Debug|Any CPU
		{EAC3FC5D-A309-4A9E-A79E-170A20F32A75}.Release|Any CPU.ActiveCfg = Release|Any CPU
		{EAC3FC5D-A309-4A9E-A79E-170A20F32A75}.Release|Any CPU.Build.0 = Release|Any CPU
	EndGlobalSection
	GlobalSection(SolutionProperties) = preSolution
		HideSolutionNode = FALSE
	EndGlobalSection
	GlobalSection(ExtensibilityGlobals) = postSolution
		SolutionGuid = {AB8C43F7-C5DB-41B6-8CCF-9A0A10A7822D}
	EndGlobalSection
EndGlobal
